
Microsoft Visual Studio Solution File, Format Version 12.00
# Visual Studio Version 17
VisualStudioVersion = 17.5.33414.496
MinimumVisualStudioVersion = 10.0.40219.1
Project("{2150E333-8FDC-42A3-9474-1A3956D46DE8}") = "src", "src", "{3DEC2E3E-1B40-4CD8-AC91-776C528CA4B4}"
EndProject
Project("{2150E333-8FDC-42A3-9474-1A3956D46DE8}") = "tests", "tests", "{208BD1C5-CD91-4C42-9147-7CF7196FB823}"
EndProject
Project("{9A19103F-16F7-4668-BE54-9A1E7A4F7556}") = "UserManagement.WebAPI", "UserManagement.WebAPI\UserManagement.WebAPI.csproj", "{469821B2-F00E-45C1-A566-1C52223985A2}"
EndProject
Project("{9A19103F-16F7-4668-BE54-9A1E7A4F7556}") = "UserManagement.Domain", "UserManagement.Domain\UserManagement.Domain.csproj", "{A196E6E2-08D5-4DC3-AC97-6C98D5BD811E}"
EndProject
Project("{9A19103F-16F7-4668-BE54-9A1E7A4F7556}") = "UserManagement.Application", "UserManagement.Application\UserManagement.Application.csproj", "{8184F2A3-ADA9-4FC4-ABFB-64B68C8BD91E}"
EndProject
Project("{9A19103F-16F7-4668-BE54-9A1E7A4F7556}") = "UserManagement.Infrastructure", "UserManagement.Infrastructure\UserManagement.Infrastructure.csproj", "{CEE91D9D-6398-4C26-9705-88451AF0E54E}"
EndProject
Project("{9A19103F-16F7-4668-BE54-9A1E7A4F7556}") = "UserManagement.XUnitTest", "UserManagement.XUnitTest\UserManagement.XUnitTest.csproj", "{772918D6-BAE5-4231-8253-A92C17294AE1}"
EndProject
Project("{9A19103F-16F7-4668-BE54-9A1E7A4F7556}") = "UserManagement.WebUI", "UserManagement.WebUI\UserManagement.WebUI.csproj", "{FF415108-47FE-4C88-9008-6060D7B6CA0C}"
EndProject
Project("{FAE04EC0-301F-11D3-BF4B-00C04F79EFBC}") = "Gateway.WebApi", "Gateway.WebApi\Gateway.WebApi.csproj", "{84837AE4-CCB2-47F2-BF3D-5C507C4E11AC}"
EndProject
Global
	GlobalSection(SolutionConfigurationPlatforms) = preSolution
		Debug|Any CPU = Debug|Any CPU
		Release|Any CPU = Release|Any CPU
	EndGlobalSection
	GlobalSection(ProjectConfigurationPlatforms) = postSolution
		{469821B2-F00E-45C1-A566-1C52223985A2}.Debug|Any CPU.ActiveCfg = Debug|Any CPU
		{469821B2-F00E-45C1-A566-1C52223985A2}.Debug|Any CPU.Build.0 = Debug|Any CPU
		{469821B2-F00E-45C1-A566-1C52223985A2}.Release|Any CPU.ActiveCfg = Release|Any CPU
		{469821B2-F00E-45C1-A566-1C52223985A2}.Release|Any CPU.Build.0 = Release|Any CPU
		{A196E6E2-08D5-4DC3-AC97-6C98D5BD811E}.Debug|Any CPU.ActiveCfg = Debug|Any CPU
		{A196E6E2-08D5-4DC3-AC97-6C98D5BD811E}.Debug|Any CPU.Build.0 = Debug|Any CPU
		{A196E6E2-08D5-4DC3-AC97-6C98D5BD811E}.Release|Any CPU.ActiveCfg = Release|Any CPU
		{A196E6E2-08D5-4DC3-AC97-6C98D5BD811E}.Release|Any CPU.Build.0 = Release|Any CPU
		{8184F2A3-ADA9-4FC4-ABFB-64B68C8BD91E}.Debug|Any CPU.ActiveCfg = Debug|Any CPU
		{8184F2A3-ADA9-4FC4-ABFB-64B68C8BD91E}.Debug|Any CPU.Build.0 = Debug|Any CPU
		{8184F2A3-ADA9-4FC4-ABFB-64B68C8BD91E}.Release|Any CPU.ActiveCfg = Release|Any CPU
		{8184F2A3-ADA9-4FC4-ABFB-64B68C8BD91E}.Release|Any CPU.Build.0 = Release|Any CPU
		{CEE91D9D-6398-4C26-9705-88451AF0E54E}.Debug|Any CPU.ActiveCfg = Debug|Any CPU
		{CEE91D9D-6398-4C26-9705-88451AF0E54E}.Debug|Any CPU.Build.0 = Debug|Any CPU
		{CEE91D9D-6398-4C26-9705-88451AF0E54E}.Release|Any CPU.ActiveCfg = Release|Any CPU
		{CEE91D9D-6398-4C26-9705-88451AF0E54E}.Release|Any CPU.Build.0 = Release|Any CPU
		{772918D6-BAE5-4231-8253-A92C17294AE1}.Debug|Any CPU.ActiveCfg = Debug|Any CPU
		{772918D6-BAE5-4231-8253-A92C17294AE1}.Debug|Any CPU.Build.0 = Debug|Any CPU
		{772918D6-BAE5-4231-8253-A92C17294AE1}.Release|Any CPU.ActiveCfg = Release|Any CPU
		{772918D6-BAE5-4231-8253-A92C17294AE1}.Release|Any CPU.Build.0 = Release|Any CPU
		{FF415108-47FE-4C88-9008-6060D7B6CA0C}.Debug|Any CPU.ActiveCfg = Debug|Any CPU
		{FF415108-47FE-4C88-9008-6060D7B6CA0C}.Debug|Any CPU.Build.0 = Debug|Any CPU
		{FF415108-47FE-4C88-9008-6060D7B6CA0C}.Release|Any CPU.ActiveCfg = Release|Any CPU
		{FF415108-47FE-4C88-9008-6060D7B6CA0C}.Release|Any CPU.Build.0 = Release|Any CPU
		{84837AE4-CCB2-47F2-BF3D-5C507C4E11AC}.Debug|Any CPU.ActiveCfg = Debug|Any CPU
		{84837AE4-CCB2-47F2-BF3D-5C507C4E11AC}.Debug|Any CPU.Build.0 = Debug|Any CPU
		{84837AE4-CCB2-47F2-BF3D-5C507C4E11AC}.Release|Any CPU.ActiveCfg = Release|Any CPU
		{84837AE4-CCB2-47F2-BF3D-5C507C4E11AC}.Release|Any CPU.Build.0 = Release|Any CPU
	EndGlobalSection
	GlobalSection(SolutionProperties) = preSolution
		HideSolutionNode = FALSE
	EndGlobalSection
	GlobalSection(NestedProjects) = preSolution
		{469821B2-F00E-45C1-A566-1C52223985A2} = {3DEC2E3E-1B40-4CD8-AC91-776C528CA4B4}
		{A196E6E2-08D5-4DC3-AC97-6C98D5BD811E} = {3DEC2E3E-1B40-4CD8-AC91-776C528CA4B4}
		{8184F2A3-ADA9-4FC4-ABFB-64B68C8BD91E} = {3DEC2E3E-1B40-4CD8-AC91-776C528CA4B4}
		{CEE91D9D-6398-4C26-9705-88451AF0E54E} = {3DEC2E3E-1B40-4CD8-AC91-776C528CA4B4}
		{772918D6-BAE5-4231-8253-A92C17294AE1} = {208BD1C5-CD91-4C42-9147-7CF7196FB823}
		{FF415108-47FE-4C88-9008-6060D7B6CA0C} = {3DEC2E3E-1B40-4CD8-AC91-776C528CA4B4}
	EndGlobalSection
	GlobalSection(ExtensibilityGlobals) = postSolution
		SolutionGuid = {052D13E2-0522-4365-A29B-78064BD18A9C}
	EndGlobalSection
EndGlobal
